// !$*UTF8*$!
{
	archiveVersion = 1;
	classes = {
	};
	objectVersion = 46;
	objects = {

/* Begin PBXBuildFile section */
		57263FC61C5EB47300132D01 /* main.swift in Sources */ = {isa = PBXBuildFile; fileRef = 57263FC51C5EB47300132D01 /* main.swift */; };
		572E01B51C5EB4BE0036060D /* diffParser.swift in Sources */ = {isa = PBXBuildFile; fileRef = 572E01B41C5EB4BE0036060D /* diffParser.swift */; };
/* End PBXBuildFile section */

/* Begin PBXCopyFilesBuildPhase section */
		57263FC01C5EB47300132D01 /* CopyFiles */ = {
			isa = PBXCopyFilesBuildPhase;
			buildActionMask = 2147483647;
			dstPath = /usr/share/man/man1/;
			dstSubfolderSpec = 0;
			files = (
			);
			runOnlyForDeploymentPostprocessing = 1;
		};
/* End PBXCopyFilesBuildPhase section */

/* Begin PBXFileReference section */
		57263FC21C5EB47300132D01 /* swiftDiffParser */ = {isa = PBXFileReference; explicitFileType = "compiled.mach-o.executable"; includeInIndex = 0; path = swiftDiffParser; sourceTree = BUILT_PRODUCTS_DIR; };
		57263FC51C5EB47300132D01 /* main.swift */ = {isa = PBXFileReference; lastKnownFileType = sourcecode.swift; path = main.swift; sourceTree = "<group>"; };
		572E01B41C5EB4BE0036060D /* diffParser.swift */ = {isa = PBXFileReference; fileEncoding = 4; lastKnownFileType = sourcecode.swift; path = diffParser.swift; sourceTree = "<group>"; };
/* End PBXFileReference section */

/* Begin PBXFrameworksBuildPhase section */
		57263FBF1C5EB47300132D01 /* Frameworks */ = {
			isa = PBXFrameworksBuildPhase;
			buildActionMask = 2147483647;
			files = (
			);
			runOnlyForDeploymentPostprocessing = 0;
		};
/* End PBXFrameworksBuildPhase section */

/* Begin PBXGroup section */
		57263FB91C5EB47300132D01 = {
			isa = PBXGroup;
			children = (
				57263FC41C5EB47300132D01 /* swiftDiffParser */,
				57263FC31C5EB47300132D01 /* Products */,
			);
			sourceTree = "<group>";
		};
		57263FC31C5EB47300132D01 /* Products */ = {
			isa = PBXGroup;
			children = (
				57263FC21C5EB47300132D01 /* swiftDiffParser */,
			);
			name = Products;
			sourceTree = "<group>";
		};
		57263FC41C5EB47300132D01 /* swiftDiffParser */ = {
			isa = PBXGroup;
			children = (
				57263FC51C5EB47300132D01 /* main.swift */,
				572E01B41C5EB4BE0036060D /* diffParser.swift */,
			);
			path = swiftDiffParser;
			sourceTree = "<group>";
		};
/* End PBXGroup section */

/* Begin PBXNativeTarget section */
		57263FC11C5EB47300132D01 /* swiftDiffParser */ = {
			isa = PBXNativeTarget;
			buildConfigurationList = 57263FC91C5EB47300132D01 /* Build configuration list for PBXNativeTarget "swiftDiffParser" */;
			buildPhases = (
				57263FBE1C5EB47300132D01 /* Sources */,
				57263FBF1C5EB47300132D01 /* Frameworks */,
				57263FC01C5EB47300132D01 /* CopyFiles */,
			);
			buildRules = (
			);
			dependencies = (
			);
			name = swiftDiffParser;
			productName = swiftDiffParser;
			productReference = 57263FC21C5EB47300132D01 /* swiftDiffParser */;
			productType = "com.apple.product-type.tool";
		};
/* End PBXNativeTarget section */

/* Begin PBXProject section */
		57263FBA1C5EB47300132D01 /* Project object */ = {
			isa = PBXProject;
			attributes = {
				LastSwiftUpdateCheck = 0720;
				LastUpgradeCheck = 0720;
				ORGANIZATIONNAME = "matthew ellis";
				TargetAttributes = {
					57263FC11C5EB47300132D01 = {
						CreatedOnToolsVersion = 7.2;
					};
				};
			};
			buildConfigurationList = 57263FBD1C5EB47300132D01 /* Build configuration list for PBXProject "swiftDiffParser" */;
			compatibilityVersion = "Xcode 3.2";
			developmentRegion = English;
			hasScannedForEncodings = 0;
			knownRegions = (
				en,
			);
			mainGroup = 57263FB91C5EB47300132D01;
			productRefGroup = 57263FC31C5EB47300132D01 /* Products */;
			projectDirPath = "";
			projectRoot = "";
			targets = (
				57263FC11C5EB47300132D01 /* swiftDiffParser */,
			);
		};
/* End PBXProject section */

/* Begin PBXSourcesBuildPhase section */
		57263FBE1C5EB47300132D01 /* Sources */ = {
			isa = PBXSourcesBuildPhase;
			buildActionMask = 2147483647;
			files = (
				57263FC61C5EB47300132D01 /* main.swift in Sources */,
				572E01B51C5EB4BE0036060D /* diffParser.swift in Sources */,
			);
			runOnlyForDeploymentPostprocessing = 0;
		};
/* End PBXSourcesBuildPhase section */

/* Begin XCBuildConfiguration section */
		57263FC71C5EB47300132D01 /* Debug */ = {
			isa = XCBuildConfiguration;
			buildSettings = {
				ALWAYS_SEARCH_USER_PATHS = NO;
				CLANG_CXX_LANGUAGE_STANDARD = "gnu++0x";
				CLANG_CXX_LIBRARY = "libc++";
				CLANG_ENABLE_MODULES = YES;
				CLANG_ENABLE_OBJC_ARC = YES;
				CLANG_WARN_BOOL_CONVERSION = YES;
				CLANG_WARN_CONSTANT_CONVERSION = YES;
				CLANG_WARN_DIRECT_OBJC_ISA_USAGE = YES_ERROR;
				CLANG_WARN_EMPTY_BODY = YES;
				CLANG_WARN_ENUM_CONVERSION = YES;
				CLANG_WARN_INT_CONVERSION = YES;
				CLANG_WARN_OBJC_ROOT_CLASS = YES_ERROR;
				CLANG_WARN_UNREACHABLE_CODE = YES;
				CLANG_WARN__DUPLICATE_METHOD_MATCH = YES;
				CODE_SIGN_IDENTITY = "-";
				COPY_PHASE_STRIP = NO;
				DEBUG_INFORMATION_FORMAT = dwarf;
				ENABLE_STRICT_OBJC_MSGSEND = YES;
				ENABLE_TESTABILITY = YES;
				GCC_C_LANGUAGE_STANDARD = gnu99;
				GCC_DYNAMIC_NO_PIC = NO;
				GCC_NO_COMMON_BLOCKS = YES;
				GCC_OPTIMIZATION_LEVEL = 0;
				GCC_PREPROCESSOR_DEFINITIONS = (
					"DEBUG=1",
					"$(inherited)",
				);
				GCC_WARN_64_TO_32_BIT_CONVERSION = YES;
				GCC_WARN_ABOUT_RETURN_TYPE = YES_ERROR;
				GCC_WARN_UNDECLARED_SELECTOR = YES;
				GCC_WARN_UNINITIALIZED_AUTOS = YES_AGGRESSIVE;
				GCC_WARN_UNUSED_FUNCTION = YES;
				GCC_WARN_UNUSED_VARIABLE = YES;
				MACOSX_DEPLOYMENT_TARGET = 10.11;
				MTL_ENABLE_DEBUG_INFO = YES;
				ONLY_ACTIVE_ARCH = YES;
				SDKROOT = macosx;
				SWIFT_OPTIMIZATION_LEVEL = "-Onone";
			};
			name = Debug;
		};
		57263FC81C5EB47300132D01 /* Release */ = {
			isa = XCBuildConfiguration;
			buildSettings = {
				ALWAYS_SEARCH_USER_PATHS = NO;
				CLANG_CXX_LANGUAGE_STANDARD = "gnu++0x";
				CLANG_CXX_LIBRARY = "libc++";
				CLANG_ENABLE_MODULES = YES;
				CLANG_ENABLE_OBJC_ARC = YES;
				CLANG_WARN_BOOL_CONVERSION = YES;
				CLANG_WARN_CONSTANT_CONVERSION = YES;
				CLANG_WARN_DIRECT_OBJC_ISA_USAGE = YES_ERROR;
				CLANG_WARN_EMPTY_BODY = YES;
				CLANG_WARN_ENUM_CONVERSION = YES;
				CLANG_WARN_INT_CONVERSION = YES;
				CLANG_WARN_OBJC_ROOT_CLASS = YES_ERROR;
				CLANG_WARN_UNREACHABLE_CODE = YES;
				CLANG_WARN__DUPLICATE_METHOD_MATCH = YES;
				CODE_SIGN_IDENTITY = "-";
				COPY_PHASE_STRIP = NO;
				DEBUG_INFORMATION_FORMAT = "dwarf-with-dsym";
				ENABLE_NS_ASSERTIONS = NO;
				ENABLE_STRICT_OBJC_MSGSEND = YES;
				GCC_C_LANGUAGE_STANDARD = gnu99;
				GCC_NO_COMMON_BLOCKS = YES;
				GCC_WARN_64_TO_32_BIT_CONVERSION = YES;
				GCC_WARN_ABOUT_RETURN_TYPE = YES_ERROR;
				GCC_WARN_UNDECLARED_SELECTOR = YES;
				GCC_WARN_UNINITIALIZED_AUTOS = YES_AGGRESSIVE;
				GCC_WARN_UNUSED_FUNCTION = YES;
				GCC_WARN_UNUSED_VARIABLE = YES;
				MACOSX_DEPLOYMENT_TARGET = 10.11;
				MTL_ENABLE_DEBUG_INFO = NO;
				SDKROOT = macosx;
			};
			name = Release;
		};
		57263FCA1C5EB47300132D01 /* Debug */ = {
			isa = XCBuildConfiguration;
			buildSettings = {
				PRODUCT_NAME = "$(TARGET_NAME)";
			};
			name = Debug;
		};
		57263FCB1C5EB47300132D01 /* Release */ = {
			isa = XCBuildConfiguration;
			buildSettings = {
				PRODUCT_NAME = "$(TARGET_NAME)";
			};
			name = Release;
		};
/* End XCBuildConfiguration section */

/* Begin XCConfigurationList section */
		57263FBD1C5EB47300132D01 /* Build configuration list for PBXProject "swiftDiffParser" */ = {
			isa = XCConfigurationList;
			buildConfigurations = (
				57263FC71C5EB47300132D01 /* Debug */,
				57263FC81C5EB47300132D01 /* Release */,
			);
			defaultConfigurationIsVisible = 0;
			defaultConfigurationName = Release;
		};
		57263FC91C5EB47300132D01 /* Build configuration list for PBXNativeTarget "swiftDiffParser" */ = {
			isa = XCConfigurationList;
			buildConfigurations = (
				57263FCA1C5EB47300132D01 /* Debug */,
				57263FCB1C5EB47300132D01 /* Release */,
			);
			defaultConfigurationIsVisible = 0;
			defaultConfigurationName = Release;
		};
/* End XCConfigurationList section */
	};
	rootObject = 57263FBA1C5EB47300132D01 /* Project object */;
}
